
Microsoft Visual Studio Solution File, Format Version 12.00
# Visual Studio 15
VisualStudioVersion = 15.0.26730.12
MinimumVisualStudioVersion = 10.0.40219.1
Project("{FAE04EC0-301F-11D3-BF4B-00C04F79EFBC}") = "ASPBlog", "ASPBlog\ASPBlog.csproj", "{E25248F6-2B94-456F-BCE0-CBB503D6341A}"
EndProject
Global
	GlobalSection(SolutionConfigurationPlatforms) = preSolution
		Debug|Any CPU = Debug|Any CPU
		Release|Any CPU = Release|Any CPU
	EndGlobalSection
	GlobalSection(ProjectConfigurationPlatforms) = postSolution
		{E25248F6-2B94-456F-BCE0-CBB503D6341A}.Debug|Any CPU.ActiveCfg = Debug|Any CPU
		{E25248F6-2B94-456F-BCE0-CBB503D6341A}.Debug|Any CPU.Build.0 = Debug|Any CPU
		{E25248F6-2B94-456F-BCE0-CBB503D6341A}.Release|Any CPU.ActiveCfg = Release|Any CPU
		{E25248F6-2B94-456F-BCE0-CBB503D6341A}.Release|Any CPU.Build.0 = Release|Any CPU
	EndGlobalSection
	GlobalSection(SolutionProperties) = preSolution
		HideSolutionNode = FALSE
	EndGlobalSection
	GlobalSection(ExtensibilityGlobals) = postSolution
		SolutionGuid = {80D29E3A-E163-4D32-9F58-DA876EB7B98B}
	EndGlobalSection
EndGlobal
